
Microsoft Visual Studio Solution File, Format Version 12.00
# Visual Studio Version 16
VisualStudioVersion = 16.0.30711.63
MinimumVisualStudioVersion = 10.0.40219.1
Project("{FAE04EC0-301F-11D3-BF4B-00C04F79EFBC}") = "UDPBroadcaster", "ExamEx\UDPBroadcaster.csproj", "{094F7D0B-65B0-4161-949B-B431B58B2A78}"
EndProject
Project("{FAE04EC0-301F-11D3-BF4B-00C04F79EFBC}") = "UDPBroadcastRece", "UDPBroadcastRece\UDPBroadcastRece.csproj", "{2275DC21-5AD8-4B02-960E-2EA898C13ADE}"
EndProject
Global
	GlobalSection(SolutionConfigurationPlatforms) = preSolution
		Debug|Any CPU = Debug|Any CPU
		Release|Any CPU = Release|Any CPU
	EndGlobalSection
	GlobalSection(ProjectConfigurationPlatforms) = postSolution
		{094F7D0B-65B0-4161-949B-B431B58B2A78}.Debug|Any CPU.ActiveCfg = Debug|Any CPU
		{094F7D0B-65B0-4161-949B-B431B58B2A78}.Debug|Any CPU.Build.0 = Debug|Any CPU
		{094F7D0B-65B0-4161-949B-B431B58B2A78}.Release|Any CPU.ActiveCfg = Release|Any CPU
		{094F7D0B-65B0-4161-949B-B431B58B2A78}.Release|Any CPU.Build.0 = Release|Any CPU
		{2275DC21-5AD8-4B02-960E-2EA898C13ADE}.Debug|Any CPU.ActiveCfg = Debug|Any CPU
		{2275DC21-5AD8-4B02-960E-2EA898C13ADE}.Debug|Any CPU.Build.0 = Debug|Any CPU
		{2275DC21-5AD8-4B02-960E-2EA898C13ADE}.Release|Any CPU.ActiveCfg = Release|Any CPU
		{2275DC21-5AD8-4B02-960E-2EA898C13ADE}.Release|Any CPU.Build.0 = Release|Any CPU
	EndGlobalSection
	GlobalSection(SolutionProperties) = preSolution
		HideSolutionNode = FALSE
	EndGlobalSection
	GlobalSection(ExtensibilityGlobals) = postSolution
		SolutionGuid = {A616761E-422C-454C-B568-013E720B9463}
	EndGlobalSection
EndGlobal
